
Microsoft Visual Studio Solution File, Format Version 12.00
# Visual Studio Version 17
VisualStudioVersion = 17.0.31903.59
MinimumVisualStudioVersion = 10.0.40219.1
Project("{2150E333-8FDC-42A3-9474-1A3956D46DE8}") = "src", "src", "{3C82E654-246F-403B-BE3A-2A47182E4602}"
EndProject
Project("{9A19103F-16F7-4668-BE54-9A1E7A4F7556}") = "Ember.Api", "src\Ember.Api\Ember.Api.csproj", "{48E17F75-5585-4224-AD18-250439AE20E7}"
EndProject
Global
	GlobalSection(SolutionConfigurationPlatforms) = preSolution
		Debug|Any CPU = Debug|Any CPU
		Release|Any CPU = Release|Any CPU
	EndGlobalSection
	GlobalSection(ProjectConfigurationPlatforms) = postSolution
		{48E17F75-5585-4224-AD18-250439AE20E7}.Debug|Any CPU.ActiveCfg = Debug|Any CPU
		{48E17F75-5585-4224-AD18-250439AE20E7}.Debug|Any CPU.Build.0 = Debug|Any CPU
		{48E17F75-5585-4224-AD18-250439AE20E7}.Release|Any CPU.ActiveCfg = Release|Any CPU
		{48E17F75-5585-4224-AD18-250439AE20E7}.Release|Any CPU.Build.0 = Release|Any CPU
	EndGlobalSection
	GlobalSection(SolutionProperties) = preSolution
		HideSolutionNode = FALSE
	EndGlobalSection
	GlobalSection(NestedProjects) = preSolution
		{48E17F75-5585-4224-AD18-250439AE20E7} = {3C82E654-246F-403B-BE3A-2A47182E4602}
	EndGlobalSection
EndGlobal
